{
  "name": "amazona",
  "version": "1.0.0",
  "lockfileVersion": 3,
  "requires": true,
  "packages": {
    "": {
      "name": "amazona",
      "version": "1.0.0",
      "license": "ISC",
      "dependencies": {
        "use-reducer-logger": "^1.0.0"
      }
    },
    "node_modules/use-reducer-logger": {
      "version": "1.0.0",
      "resolved": "https://registry.npmjs.org/use-reducer-logger/-/use-reducer-logger-1.0.0.tgz",
      "integrity": "sha512-Rjd1l3yEnJaf6YLcWm68vyjNjkHHFMw+9EY02D7gYFl6mcETohJmDpc1DZDSWY0t3xkup210Gn+QBf3UDOJEkw==",
      "license": "MIT"
    }
  }
}
